
Microsoft Visual Studio Solution File, Format Version 12.00
# Visual Studio 2015
Project("{FAE04EC0-301F-11D3-BF4B-00C04F79EFBC}") = "KinectTest2D.CSharp.Plugins", "KinectTest2D.CSharp.Plugins.csproj", "{25BCB6E0-687C-122A-7EFE-2CB64D8B712F}"
EndProject
Project("{FAE04EC0-301F-11D3-BF4B-00C04F79EFBC}") = "KinectTest2D.CSharp", "KinectTest2D.CSharp.csproj", "{221C0AC6-7A36-E575-2D1A-B76C4B37CDA9}"
EndProject
Project("{FAE04EC0-301F-11D3-BF4B-00C04F79EFBC}") = "KinectTest2D.CSharp.Editor.Plugins", "KinectTest2D.CSharp.Editor.Plugins.csproj", "{703088B6-E9CA-31BB-0E22-0B40680A2D59}"
EndProject
Global
	GlobalSection(SolutionConfigurationPlatforms) = preSolution
		Debug|Any CPU = Debug|Any CPU
		Release|Any CPU = Release|Any CPU
	EndGlobalSection
	GlobalSection(ProjectConfigurationPlatforms) = postSolution
		{25BCB6E0-687C-122A-7EFE-2CB64D8B712F}.Debug|Any CPU.ActiveCfg = Debug|Any CPU
		{25BCB6E0-687C-122A-7EFE-2CB64D8B712F}.Debug|Any CPU.Build.0 = Debug|Any CPU
		{25BCB6E0-687C-122A-7EFE-2CB64D8B712F}.Release|Any CPU.ActiveCfg = Release|Any CPU
		{25BCB6E0-687C-122A-7EFE-2CB64D8B712F}.Release|Any CPU.Build.0 = Release|Any CPU
		{221C0AC6-7A36-E575-2D1A-B76C4B37CDA9}.Debug|Any CPU.ActiveCfg = Debug|Any CPU
		{221C0AC6-7A36-E575-2D1A-B76C4B37CDA9}.Debug|Any CPU.Build.0 = Debug|Any CPU
		{221C0AC6-7A36-E575-2D1A-B76C4B37CDA9}.Release|Any CPU.ActiveCfg = Release|Any CPU
		{221C0AC6-7A36-E575-2D1A-B76C4B37CDA9}.Release|Any CPU.Build.0 = Release|Any CPU
		{703088B6-E9CA-31BB-0E22-0B40680A2D59}.Debug|Any CPU.ActiveCfg = Debug|Any CPU
		{703088B6-E9CA-31BB-0E22-0B40680A2D59}.Debug|Any CPU.Build.0 = Debug|Any CPU
		{703088B6-E9CA-31BB-0E22-0B40680A2D59}.Release|Any CPU.ActiveCfg = Release|Any CPU
		{703088B6-E9CA-31BB-0E22-0B40680A2D59}.Release|Any CPU.Build.0 = Release|Any CPU
	EndGlobalSection
	GlobalSection(SolutionProperties) = preSolution
		HideSolutionNode = FALSE
	EndGlobalSection
EndGlobal
