
Microsoft Visual Studio Solution File, Format Version 12.00
# Visual Studio 2015
Project("{FAE04EC0-301F-11D3-BF4B-00C04F79EFBC}") = "PocoPong.CSharp.Plugins", "PocoPong.CSharp.Plugins.csproj", "{69C2DD05-9A6C-BFBB-57E7-CFE5E653D0B6}"
EndProject
Project("{FAE04EC0-301F-11D3-BF4B-00C04F79EFBC}") = "PocoPong.CSharp", "PocoPong.CSharp.csproj", "{C9EA15CC-BD36-31B2-F2B8-D57935E680CD}"
EndProject
Project("{FAE04EC0-301F-11D3-BF4B-00C04F79EFBC}") = "PocoPong.CSharp.Editor.Plugins", "PocoPong.CSharp.Editor.Plugins.csproj", "{B20BC537-9DBC-E9DD-D311-53E5FF2236E1}"
EndProject
Project("{FAE04EC0-301F-11D3-BF4B-00C04F79EFBC}") = "PocoPong.CSharp.Editor", "PocoPong.CSharp.Editor.csproj", "{B5E369CC-5BFA-D7AA-C899-49B8D50BC728}"
EndProject
Global
	GlobalSection(SolutionConfigurationPlatforms) = preSolution
		Debug|Any CPU = Debug|Any CPU
		Release|Any CPU = Release|Any CPU
	EndGlobalSection
	GlobalSection(ProjectConfigurationPlatforms) = postSolution
		{69C2DD05-9A6C-BFBB-57E7-CFE5E653D0B6}.Debug|Any CPU.ActiveCfg = Debug|Any CPU
		{69C2DD05-9A6C-BFBB-57E7-CFE5E653D0B6}.Debug|Any CPU.Build.0 = Debug|Any CPU
		{69C2DD05-9A6C-BFBB-57E7-CFE5E653D0B6}.Release|Any CPU.ActiveCfg = Release|Any CPU
		{69C2DD05-9A6C-BFBB-57E7-CFE5E653D0B6}.Release|Any CPU.Build.0 = Release|Any CPU
		{C9EA15CC-BD36-31B2-F2B8-D57935E680CD}.Debug|Any CPU.ActiveCfg = Debug|Any CPU
		{C9EA15CC-BD36-31B2-F2B8-D57935E680CD}.Debug|Any CPU.Build.0 = Debug|Any CPU
		{C9EA15CC-BD36-31B2-F2B8-D57935E680CD}.Release|Any CPU.ActiveCfg = Release|Any CPU
		{C9EA15CC-BD36-31B2-F2B8-D57935E680CD}.Release|Any CPU.Build.0 = Release|Any CPU
		{B20BC537-9DBC-E9DD-D311-53E5FF2236E1}.Debug|Any CPU.ActiveCfg = Debug|Any CPU
		{B20BC537-9DBC-E9DD-D311-53E5FF2236E1}.Debug|Any CPU.Build.0 = Debug|Any CPU
		{B20BC537-9DBC-E9DD-D311-53E5FF2236E1}.Release|Any CPU.ActiveCfg = Release|Any CPU
		{B20BC537-9DBC-E9DD-D311-53E5FF2236E1}.Release|Any CPU.Build.0 = Release|Any CPU
		{B5E369CC-5BFA-D7AA-C899-49B8D50BC728}.Debug|Any CPU.ActiveCfg = Debug|Any CPU
		{B5E369CC-5BFA-D7AA-C899-49B8D50BC728}.Debug|Any CPU.Build.0 = Debug|Any CPU
		{B5E369CC-5BFA-D7AA-C899-49B8D50BC728}.Release|Any CPU.ActiveCfg = Release|Any CPU
		{B5E369CC-5BFA-D7AA-C899-49B8D50BC728}.Release|Any CPU.Build.0 = Release|Any CPU
	EndGlobalSection
	GlobalSection(SolutionProperties) = preSolution
		HideSolutionNode = FALSE
	EndGlobalSection
EndGlobal
